
Microsoft Visual Studio Solution File, Format Version 12.00
# Visual Studio 15
VisualStudioVersion = 15.0.27703.2042
MinimumVisualStudioVersion = 10.0.40219.1
Project("{FAE04EC0-301F-11D3-BF4B-00C04F79EFBC}") = "Calculator", "Calculator\Calculator.csproj", "{30BAB8E9-3F4D-4C54-A30A-97F55C3938BD}"
EndProject
Global
	GlobalSection(SolutionConfigurationPlatforms) = preSolution
		Debug|Any CPU = Debug|Any CPU
		Release|Any CPU = Release|Any CPU
	EndGlobalSection
	GlobalSection(ProjectConfigurationPlatforms) = postSolution
		{30BAB8E9-3F4D-4C54-A30A-97F55C3938BD}.Debug|Any CPU.ActiveCfg = Debug|Any CPU
		{30BAB8E9-3F4D-4C54-A30A-97F55C3938BD}.Debug|Any CPU.Build.0 = Debug|Any CPU
		{30BAB8E9-3F4D-4C54-A30A-97F55C3938BD}.Release|Any CPU.ActiveCfg = Release|Any CPU
		{30BAB8E9-3F4D-4C54-A30A-97F55C3938BD}.Release|Any CPU.Build.0 = Release|Any CPU
	EndGlobalSection
	GlobalSection(SolutionProperties) = preSolution
		HideSolutionNode = FALSE
	EndGlobalSection
	GlobalSection(ExtensibilityGlobals) = postSolution
		SolutionGuid = {2D70C577-3B3C-4057-9534-29416EA16930}
	EndGlobalSection
EndGlobal
